// !$*UTF8*$!
{
	archiveVersion = 1;
	classes = {
	};
	objectVersion = 46;
	objects = {

/* Begin PBXBuildFile section */
		1EBFB9961EA32C31006D8B4C /* AppDelegate.swift in Sources */ = {isa = PBXBuildFile; fileRef = 1EBFB9951EA32C31006D8B4C /* AppDelegate.swift */; };
		1EBFB9981EA32C31006D8B4C /* ViewController.swift in Sources */ = {isa = PBXBuildFile; fileRef = 1EBFB9971EA32C31006D8B4C /* ViewController.swift */; };
		1EBFB99B1EA32C31006D8B4C /* Main.storyboard in Resources */ = {isa = PBXBuildFile; fileRef = 1EBFB9991EA32C31006D8B4C /* Main.storyboard */; };
		1EBFB99D1EA32C31006D8B4C /* Assets.xcassets in Resources */ = {isa = PBXBuildFile; fileRef = 1EBFB99C1EA32C31006D8B4C /* Assets.xcassets */; };
		1EBFB9A01EA32C31006D8B4C /* LaunchScreen.storyboard in Resources */ = {isa = PBXBuildFile; fileRef = 1EBFB99E1EA32C31006D8B4C /* LaunchScreen.storyboard */; };
		1EBFB9AB1EA32C32006D8B4C /* TwitterDemoTests.swift in Sources */ = {isa = PBXBuildFile; fileRef = 1EBFB9AA1EA32C32006D8B4C /* TwitterDemoTests.swift */; };
		1EBFB9B61EA32C32006D8B4C /* TwitterDemoUITests.swift in Sources */ = {isa = PBXBuildFile; fileRef = 1EBFB9B51EA32C32006D8B4C /* TwitterDemoUITests.swift */; };
/* End PBXBuildFile section */

/* Begin PBXContainerItemProxy section */
		1EBFB9A71EA32C31006D8B4C /* PBXContainerItemProxy */ = {
			isa = PBXContainerItemProxy;
			containerPortal = 1EBFB98A1EA32C31006D8B4C /* Project object */;
			proxyType = 1;
			remoteGlobalIDString = 1EBFB9911EA32C31006D8B4C;
			remoteInfo = TwitterDemo;
		};
		1EBFB9B21EA32C32006D8B4C /* PBXContainerItemProxy */ = {
			isa = PBXContainerItemProxy;
			containerPortal = 1EBFB98A1EA32C31006D8B4C /* Project object */;
			proxyType = 1;
			remoteGlobalIDString = 1EBFB9911EA32C31006D8B4C;
			remoteInfo = TwitterDemo;
		};
/* End PBXContainerItemProxy section */

/* Begin PBXFileReference section */
		1EBFB9921EA32C31006D8B4C /* TwitterDemo.app */ = {isa = PBXFileReference; explicitFileType = wrapper.application; includeInIndex = 0; path = TwitterDemo.app; sourceTree = BUILT_PRODUCTS_DIR; };
		1EBFB9951EA32C31006D8B4C /* AppDelegate.swift */ = {isa = PBXFileReference; lastKnownFileType = sourcecode.swift; path = AppDelegate.swift; sourceTree = "<group>"; };
		1EBFB9971EA32C31006D8B4C /* ViewController.swift */ = {isa = PBXFileReference; lastKnownFileType = sourcecode.swift; path = ViewController.swift; sourceTree = "<group>"; };
		1EBFB99A1EA32C31006D8B4C /* Base */ = {isa = PBXFileReference; lastKnownFileType = file.storyboard; name = Base; path = Base.lproj/Main.storyboard; sourceTree = "<group>"; };
		1EBFB99C1EA32C31006D8B4C /* Assets.xcassets */ = {isa = PBXFileReference; lastKnownFileType = folder.assetcatalog; path = Assets.xcassets; sourceTree = "<group>"; };
		1EBFB99F1EA32C31006D8B4C /* Base */ = {isa = PBXFileReference; lastKnownFileType = file.storyboard; name = Base; path = Base.lproj/LaunchScreen.storyboard; sourceTree = "<group>"; };
		1EBFB9A11EA32C31006D8B4C /* Info.plist */ = {isa = PBXFileReference; lastKnownFileType = text.plist.xml; path = Info.plist; sourceTree = "<group>"; };
		1EBFB9A61EA32C31006D8B4C /* TwitterDemoTests.xctest */ = {isa = PBXFileReference; explicitFileType = wrapper.cfbundle; includeInIndex = 0; path = TwitterDemoTests.xctest; sourceTree = BUILT_PRODUCTS_DIR; };
		1EBFB9AA1EA32C32006D8B4C /* TwitterDemoTests.swift */ = {isa = PBXFileReference; lastKnownFileType = sourcecode.swift; path = TwitterDemoTests.swift; sourceTree = "<group>"; };
		1EBFB9AC1EA32C32006D8B4C /* Info.plist */ = {isa = PBXFileReference; lastKnownFileType = text.plist.xml; path = Info.plist; sourceTree = "<group>"; };
		1EBFB9B11EA32C32006D8B4C /* TwitterDemoUITests.xctest */ = {isa = PBXFileReference; explicitFileType = wrapper.cfbundle; includeInIndex = 0; path = TwitterDemoUITests.xctest; sourceTree = BUILT_PRODUCTS_DIR; };
		1EBFB9B51EA32C32006D8B4C /* TwitterDemoUITests.swift */ = {isa = PBXFileReference; lastKnownFileType = sourcecode.swift; path = TwitterDemoUITests.swift; sourceTree = "<group>"; };
		1EBFB9B71EA32C32006D8B4C /* Info.plist */ = {isa = PBXFileReference; lastKnownFileType = text.plist.xml; path = Info.plist; sourceTree = "<group>"; };
/* End PBXFileReference section */

/* Begin PBXFrameworksBuildPhase section */
		1EBFB98F1EA32C31006D8B4C /* Frameworks */ = {
			isa = PBXFrameworksBuildPhase;
			buildActionMask = 2147483647;
			files = (
			);
			runOnlyForDeploymentPostprocessing = 0;
		};
		1EBFB9A31EA32C31006D8B4C /* Frameworks */ = {
			isa = PBXFrameworksBuildPhase;
			buildActionMask = 2147483647;
			files = (
			);
			runOnlyForDeploymentPostprocessing = 0;
		};
		1EBFB9AE1EA32C32006D8B4C /* Frameworks */ = {
			isa = PBXFrameworksBuildPhase;
			buildActionMask = 2147483647;
			files = (
			);
			runOnlyForDeploymentPostprocessing = 0;
		};
/* End PBXFrameworksBuildPhase section */

/* Begin PBXGroup section */
		1EBFB9891EA32C31006D8B4C = {
			isa = PBXGroup;
			children = (
				1EBFB9941EA32C31006D8B4C /* TwitterDemo */,
				1EBFB9A91EA32C32006D8B4C /* TwitterDemoTests */,
				1EBFB9B41EA32C32006D8B4C /* TwitterDemoUITests */,
				1EBFB9931EA32C31006D8B4C /* Products */,
			);
			sourceTree = "<group>";
		};
		1EBFB9931EA32C31006D8B4C /* Products */ = {
			isa = PBXGroup;
			children = (
				1EBFB9921EA32C31006D8B4C /* TwitterDemo.app */,
				1EBFB9A61EA32C31006D8B4C /* TwitterDemoTests.xctest */,
				1EBFB9B11EA32C32006D8B4C /* TwitterDemoUITests.xctest */,
			);
			name = Products;
			sourceTree = "<group>";
		};
		1EBFB9941EA32C31006D8B4C /* TwitterDemo */ = {
			isa = PBXGroup;
			children = (
				1EBFB9951EA32C31006D8B4C /* AppDelegate.swift */,
				1EBFB9971EA32C31006D8B4C /* ViewController.swift */,
				1EBFB9991EA32C31006D8B4C /* Main.storyboard */,
				1EBFB99C1EA32C31006D8B4C /* Assets.xcassets */,
				1EBFB99E1EA32C31006D8B4C /* LaunchScreen.storyboard */,
				1EBFB9A11EA32C31006D8B4C /* Info.plist */,
			);
			path = TwitterDemo;
			sourceTree = "<group>";
		};
		1EBFB9A91EA32C32006D8B4C /* TwitterDemoTests */ = {
			isa = PBXGroup;
			children = (
				1EBFB9AA1EA32C32006D8B4C /* TwitterDemoTests.swift */,
				1EBFB9AC1EA32C32006D8B4C /* Info.plist */,
			);
			path = TwitterDemoTests;
			sourceTree = "<group>";
		};
		1EBFB9B41EA32C32006D8B4C /* TwitterDemoUITests */ = {
			isa = PBXGroup;
			children = (
				1EBFB9B51EA32C32006D8B4C /* TwitterDemoUITests.swift */,
				1EBFB9B71EA32C32006D8B4C /* Info.plist */,
			);
			path = TwitterDemoUITests;
			sourceTree = "<group>";
		};
/* End PBXGroup section */

/* Begin PBXNativeTarget section */
		1EBFB9911EA32C31006D8B4C /* TwitterDemo */ = {
			isa = PBXNativeTarget;
			buildConfigurationList = 1EBFB9BA1EA32C32006D8B4C /* Build configuration list for PBXNativeTarget "TwitterDemo" */;
			buildPhases = (
				1EBFB98E1EA32C31006D8B4C /* Sources */,
				1EBFB98F1EA32C31006D8B4C /* Frameworks */,
				1EBFB9901EA32C31006D8B4C /* Resources */,
			);
			buildRules = (
			);
			dependencies = (
			);
			name = TwitterDemo;
			productName = TwitterDemo;
			productReference = 1EBFB9921EA32C31006D8B4C /* TwitterDemo.app */;
			productType = "com.apple.product-type.application";
		};
		1EBFB9A51EA32C31006D8B4C /* TwitterDemoTests */ = {
			isa = PBXNativeTarget;
			buildConfigurationList = 1EBFB9BD1EA32C32006D8B4C /* Build configuration list for PBXNativeTarget "TwitterDemoTests" */;
			buildPhases = (
				1EBFB9A21EA32C31006D8B4C /* Sources */,
				1EBFB9A31EA32C31006D8B4C /* Frameworks */,
				1EBFB9A41EA32C31006D8B4C /* Resources */,
			);
			buildRules = (
			);
			dependencies = (
				1EBFB9A81EA32C31006D8B4C /* PBXTargetDependency */,
			);
			name = TwitterDemoTests;
			productName = TwitterDemoTests;
			productReference = 1EBFB9A61EA32C31006D8B4C /* TwitterDemoTests.xctest */;
			productType = "com.apple.product-type.bundle.unit-test";
		};
		1EBFB9B01EA32C32006D8B4C /* TwitterDemoUITests */ = {
			isa = PBXNativeTarget;
			buildConfigurationList = 1EBFB9C01EA32C32006D8B4C /* Build configuration list for PBXNativeTarget "TwitterDemoUITests" */;
			buildPhases = (
				1EBFB9AD1EA32C32006D8B4C /* Sources */,
				1EBFB9AE1EA32C32006D8B4C /* Frameworks */,
				1EBFB9AF1EA32C32006D8B4C /* Resources */,
			);
			buildRules = (
			);
			dependencies = (
				1EBFB9B31EA32C32006D8B4C /* PBXTargetDependency */,
			);
			name = TwitterDemoUITests;
			productName = TwitterDemoUITests;
			productReference = 1EBFB9B11EA32C32006D8B4C /* TwitterDemoUITests.xctest */;
			productType = "com.apple.product-type.bundle.ui-testing";
		};
/* End PBXNativeTarget section */

/* Begin PBXProject section */
		1EBFB98A1EA32C31006D8B4C /* Project object */ = {
			isa = PBXProject;
			attributes = {
				LastSwiftUpdateCheck = 0820;
				LastUpgradeCheck = 0820;
				ORGANIZATIONNAME = kathy;
				TargetAttributes = {
					1EBFB9911EA32C31006D8B4C = {
						CreatedOnToolsVersion = 8.2;
						DevelopmentTeam = V4YF8V8WZ6;
						ProvisioningStyle = Automatic;
					};
					1EBFB9A51EA32C31006D8B4C = {
						CreatedOnToolsVersion = 8.2;
						DevelopmentTeam = V4YF8V8WZ6;
						ProvisioningStyle = Automatic;
						TestTargetID = 1EBFB9911EA32C31006D8B4C;
					};
					1EBFB9B01EA32C32006D8B4C = {
						CreatedOnToolsVersion = 8.2;
						DevelopmentTeam = V4YF8V8WZ6;
						ProvisioningStyle = Automatic;
						TestTargetID = 1EBFB9911EA32C31006D8B4C;
					};
				};
			};
			buildConfigurationList = 1EBFB98D1EA32C31006D8B4C /* Build configuration list for PBXProject "TwitterDemo" */;
			compatibilityVersion = "Xcode 3.2";
			developmentRegion = English;
			hasScannedForEncodings = 0;
			knownRegions = (
				en,
				Base,
			);
			mainGroup = 1EBFB9891EA32C31006D8B4C;
			productRefGroup = 1EBFB9931EA32C31006D8B4C /* Products */;
			projectDirPath = "";
			projectRoot = "";
			targets = (
				1EBFB9911EA32C31006D8B4C /* TwitterDemo */,
				1EBFB9A51EA32C31006D8B4C /* TwitterDemoTests */,
				1EBFB9B01EA32C32006D8B4C /* TwitterDemoUITests */,
			);
		};
/* End PBXProject section */

/* Begin PBXResourcesBuildPhase section */
		1EBFB9901EA32C31006D8B4C /* Resources */ = {
			isa = PBXResourcesBuildPhase;
			buildActionMask = 2147483647;
			files = (
				1EBFB9A01EA32C31006D8B4C /* LaunchScreen.storyboard in Resources */,
				1EBFB99D1EA32C31006D8B4C /* Assets.xcassets in Resources */,
				1EBFB99B1EA32C31006D8B4C /* Main.storyboard in Resources */,
			);
			runOnlyForDeploymentPostprocessing = 0;
		};
		1EBFB9A41EA32C31006D8B4C /* Resources */ = {
			isa = PBXResourcesBuildPhase;
			buildActionMask = 2147483647;
			files = (
			);
			runOnlyForDeploymentPostprocessing = 0;
		};
		1EBFB9AF1EA32C32006D8B4C /* Resources */ = {
			isa = PBXResourcesBuildPhase;
			buildActionMask = 2147483647;
			files = (
			);
			runOnlyForDeploymentPostprocessing = 0;
		};
/* End PBXResourcesBuildPhase section */

/* Begin PBXSourcesBuildPhase section */
		1EBFB98E1EA32C31006D8B4C /* Sources */ = {
			isa = PBXSourcesBuildPhase;
			buildActionMask = 2147483647;
			files = (
				1EBFB9981EA32C31006D8B4C /* ViewController.swift in Sources */,
				1EBFB9961EA32C31006D8B4C /* AppDelegate.swift in Sources */,
			);
			runOnlyForDeploymentPostprocessing = 0;
		};
		1EBFB9A21EA32C31006D8B4C /* Sources */ = {
			isa = PBXSourcesBuildPhase;
			buildActionMask = 2147483647;
			files = (
				1EBFB9AB1EA32C32006D8B4C /* TwitterDemoTests.swift in Sources */,
			);
			runOnlyForDeploymentPostprocessing = 0;
		};
		1EBFB9AD1EA32C32006D8B4C /* Sources */ = {
			isa = PBXSourcesBuildPhase;
			buildActionMask = 2147483647;
			files = (
				1EBFB9B61EA32C32006D8B4C /* TwitterDemoUITests.swift in Sources */,
			);
			runOnlyForDeploymentPostprocessing = 0;
		};
/* End PBXSourcesBuildPhase section */

/* Begin PBXTargetDependency section */
		1EBFB9A81EA32C31006D8B4C /* PBXTargetDependency */ = {
			isa = PBXTargetDependency;
			target = 1EBFB9911EA32C31006D8B4C /* TwitterDemo */;
			targetProxy = 1EBFB9A71EA32C31006D8B4C /* PBXContainerItemProxy */;
		};
		1EBFB9B31EA32C32006D8B4C /* PBXTargetDependency */ = {
			isa = PBXTargetDependency;
			target = 1EBFB9911EA32C31006D8B4C /* TwitterDemo */;
			targetProxy = 1EBFB9B21EA32C32006D8B4C /* PBXContainerItemProxy */;
		};
/* End PBXTargetDependency section */

/* Begin PBXVariantGroup section */
		1EBFB9991EA32C31006D8B4C /* Main.storyboard */ = {
			isa = PBXVariantGroup;
			children = (
				1EBFB99A1EA32C31006D8B4C /* Base */,
			);
			name = Main.storyboard;
			sourceTree = "<group>";
		};
		1EBFB99E1EA32C31006D8B4C /* LaunchScreen.storyboard */ = {
			isa = PBXVariantGroup;
			children = (
				1EBFB99F1EA32C31006D8B4C /* Base */,
			);
			name = LaunchScreen.storyboard;
			sourceTree = "<group>";
		};
/* End PBXVariantGroup section */

/* Begin XCBuildConfiguration section */
		1EBFB9B81EA32C32006D8B4C /* Debug */ = {
			isa = XCBuildConfiguration;
			buildSettings = {
				ALWAYS_SEARCH_USER_PATHS = NO;
				CLANG_ANALYZER_NONNULL = YES;
				CLANG_CXX_LANGUAGE_STANDARD = "gnu++0x";
				CLANG_CXX_LIBRARY = "libc++";
				CLANG_ENABLE_MODULES = YES;
				CLANG_ENABLE_OBJC_ARC = YES;
				CLANG_WARN_BOOL_CONVERSION = YES;
				CLANG_WARN_CONSTANT_CONVERSION = YES;
				CLANG_WARN_DIRECT_OBJC_ISA_USAGE = YES_ERROR;
				CLANG_WARN_DOCUMENTATION_COMMENTS = YES;
				CLANG_WARN_EMPTY_BODY = YES;
				CLANG_WARN_ENUM_CONVERSION = YES;
				CLANG_WARN_INFINITE_RECURSION = YES;
				CLANG_WARN_INT_CONVERSION = YES;
				CLANG_WARN_OBJC_ROOT_CLASS = YES_ERROR;
				CLANG_WARN_SUSPICIOUS_MOVE = YES;
				CLANG_WARN_UNREACHABLE_CODE = YES;
				CLANG_WARN__DUPLICATE_METHOD_MATCH = YES;
				"CODE_SIGN_IDENTITY[sdk=iphoneos*]" = "iPhone Developer";
				COPY_PHASE_STRIP = NO;
				DEBUG_INFORMATION_FORMAT = dwarf;
				ENABLE_STRICT_OBJC_MSGSEND = YES;
				ENABLE_TESTABILITY = YES;
				GCC_C_LANGUAGE_STANDARD = gnu99;
				GCC_DYNAMIC_NO_PIC = NO;
				GCC_NO_COMMON_BLOCKS = YES;
				GCC_OPTIMIZATION_LEVEL = 0;
				GCC_PREPROCESSOR_DEFINITIONS = (
					"DEBUG=1",
					"$(inherited)",
				);
				GCC_WARN_64_TO_32_BIT_CONVERSION = YES;
				GCC_WARN_ABOUT_RETURN_TYPE = YES_ERROR;
				GCC_WARN_UNDECLARED_SELECTOR = YES;
				GCC_WARN_UNINITIALIZED_AUTOS = YES_AGGRESSIVE;
				GCC_WARN_UNUSED_FUNCTION = YES;
				GCC_WARN_UNUSED_VARIABLE = YES;
				IPHONEOS_DEPLOYMENT_TARGET = 10.2;
				MTL_ENABLE_DEBUG_INFO = YES;
				ONLY_ACTIVE_ARCH = YES;
				SDKROOT = iphoneos;
				SWIFT_ACTIVE_COMPILATION_CONDITIONS = DEBUG;
				SWIFT_OPTIMIZATION_LEVEL = "-Onone";
			};
			name = Debug;
		};
		1EBFB9B91EA32C32006D8B4C /* Release */ = {
			isa = XCBuildConfiguration;
			buildSettings = {
				ALWAYS_SEARCH_USER_PATHS = NO;
				CLANG_ANALYZER_NONNULL = YES;
				CLANG_CXX_LANGUAGE_STANDARD = "gnu++0x";
				CLANG_CXX_LIBRARY = "libc++";
				CLANG_ENABLE_MODULES = YES;
				CLANG_ENABLE_OBJC_ARC = YES;
				CLANG_WARN_BOOL_CONVERSION = YES;
				CLANG_WARN_CONSTANT_CONVERSION = YES;
				CLANG_WARN_DIRECT_OBJC_ISA_USAGE = YES_ERROR;
				CLANG_WARN_DOCUMENTATION_COMMENTS = YES;
				CLANG_WARN_EMPTY_BODY = YES;
				CLANG_WARN_ENUM_CONVERSION = YES;
				CLANG_WARN_INFINITE_RECURSION = YES;
				CLANG_WARN_INT_CONVERSION = YES;
				CLANG_WARN_OBJC_ROOT_CLASS = YES_ERROR;
				CLANG_WARN_SUSPICIOUS_MOVE = YES;
				CLANG_WARN_UNREACHABLE_CODE = YES;
				CLANG_WARN__DUPLICATE_METHOD_MATCH = YES;
				"CODE_SIGN_IDENTITY[sdk=iphoneos*]" = "iPhone Developer";
				COPY_PHASE_STRIP = NO;
				DEBUG_INFORMATION_FORMAT = "dwarf-with-dsym";
				ENABLE_NS_ASSERTIONS = NO;
				ENABLE_STRICT_OBJC_MSGSEND = YES;
				GCC_C_LANGUAGE_STANDARD = gnu99;
				GCC_NO_COMMON_BLOCKS = YES;
				GCC_WARN_64_TO_32_BIT_CONVERSION = YES;
				GCC_WARN_ABOUT_RETURN_TYPE = YES_ERROR;
				GCC_WARN_UNDECLARED_SELECTOR = YES;
				GCC_WARN_UNINITIALIZED_AUTOS = YES_AGGRESSIVE;
				GCC_WARN_UNUSED_FUNCTION = YES;
				GCC_WARN_UNUSED_VARIABLE = YES;
				IPHONEOS_DEPLOYMENT_TARGET = 10.2;
				MTL_ENABLE_DEBUG_INFO = NO;
				SDKROOT = iphoneos;
				SWIFT_OPTIMIZATION_LEVEL = "-Owholemodule";
				VALIDATE_PRODUCT = YES;
			};
			name = Release;
		};
		1EBFB9BB1EA32C32006D8B4C /* Debug */ = {
			isa = XCBuildConfiguration;
			buildSettings = {
				ASSETCATALOG_COMPILER_APPICON_NAME = AppIcon;
				DEVELOPMENT_TEAM = V4YF8V8WZ6;
				INFOPLIST_FILE = TwitterDemo/Info.plist;
				LD_RUNPATH_SEARCH_PATHS = "$(inherited) @executable_path/Frameworks";
				PRODUCT_BUNDLE_IDENTIFIER = com.kathy.TwitterDemo;
				PRODUCT_NAME = "$(TARGET_NAME)";
				SWIFT_VERSION = 3.0;
			};
			name = Debug;
		};
		1EBFB9BC1EA32C32006D8B4C /* Release */ = {
			isa = XCBuildConfiguration;
			buildSettings = {
				ASSETCATALOG_COMPILER_APPICON_NAME = AppIcon;
				DEVELOPMENT_TEAM = V4YF8V8WZ6;
				INFOPLIST_FILE = TwitterDemo/Info.plist;
				LD_RUNPATH_SEARCH_PATHS = "$(inherited) @executable_path/Frameworks";
				PRODUCT_BUNDLE_IDENTIFIER = com.kathy.TwitterDemo;
				PRODUCT_NAME = "$(TARGET_NAME)";
				SWIFT_VERSION = 3.0;
			};
			name = Release;
		};
		1EBFB9BE1EA32C32006D8B4C /* Debug */ = {
			isa = XCBuildConfiguration;
			buildSettings = {
				ALWAYS_EMBED_SWIFT_STANDARD_LIBRARIES = YES;
				BUNDLE_LOADER = "$(TEST_HOST)";
				DEVELOPMENT_TEAM = V4YF8V8WZ6;
				INFOPLIST_FILE = TwitterDemoTests/Info.plist;
				LD_RUNPATH_SEARCH_PATHS = "$(inherited) @executable_path/Frameworks @loader_path/Frameworks";
				PRODUCT_BUNDLE_IDENTIFIER = com.kathy.TwitterDemoTests;
				PRODUCT_NAME = "$(TARGET_NAME)";
				SWIFT_VERSION = 3.0;
				TEST_HOST = "$(BUILT_PRODUCTS_DIR)/TwitterDemo.app/TwitterDemo";
			};
			name = Debug;
		};
		1EBFB9BF1EA32C32006D8B4C /* Release */ = {
			isa = XCBuildConfiguration;
			buildSettings = {
				ALWAYS_EMBED_SWIFT_STANDARD_LIBRARIES = YES;
				BUNDLE_LOADER = "$(TEST_HOST)";
				DEVELOPMENT_TEAM = V4YF8V8WZ6;
				INFOPLIST_FILE = TwitterDemoTests/Info.plist;
				LD_RUNPATH_SEARCH_PATHS = "$(inherited) @executable_path/Frameworks @loader_path/Frameworks";
				PRODUCT_BUNDLE_IDENTIFIER = com.kathy.TwitterDemoTests;
				PRODUCT_NAME = "$(TARGET_NAME)";
				SWIFT_VERSION = 3.0;
				TEST_HOST = "$(BUILT_PRODUCTS_DIR)/TwitterDemo.app/TwitterDemo";
			};
			name = Release;
		};
		1EBFB9C11EA32C32006D8B4C /* Debug */ = {
			isa = XCBuildConfiguration;
			buildSettings = {
				ALWAYS_EMBED_SWIFT_STANDARD_LIBRARIES = YES;
				DEVELOPMENT_TEAM = V4YF8V8WZ6;
				INFOPLIST_FILE = TwitterDemoUITests/Info.plist;
				LD_RUNPATH_SEARCH_PATHS = "$(inherited) @executable_path/Frameworks @loader_path/Frameworks";
				PRODUCT_BUNDLE_IDENTIFIER = com.kathy.TwitterDemoUITests;
				PRODUCT_NAME = "$(TARGET_NAME)";
				SWIFT_VERSION = 3.0;
				TEST_TARGET_NAME = TwitterDemo;
			};
			name = Debug;
		};
		1EBFB9C21EA32C32006D8B4C /* Release */ = {
			isa = XCBuildConfiguration;
			buildSettings = {
				ALWAYS_EMBED_SWIFT_STANDARD_LIBRARIES = YES;
				DEVELOPMENT_TEAM = V4YF8V8WZ6;
				INFOPLIST_FILE = TwitterDemoUITests/Info.plist;
				LD_RUNPATH_SEARCH_PATHS = "$(inherited) @executable_path/Frameworks @loader_path/Frameworks";
				PRODUCT_BUNDLE_IDENTIFIER = com.kathy.TwitterDemoUITests;
				PRODUCT_NAME = "$(TARGET_NAME)";
				SWIFT_VERSION = 3.0;
				TEST_TARGET_NAME = TwitterDemo;
			};
			name = Release;
		};
/* End XCBuildConfiguration section */

/* Begin XCConfigurationList section */
		1EBFB98D1EA32C31006D8B4C /* Build configuration list for PBXProject "TwitterDemo" */ = {
			isa = XCConfigurationList;
			buildConfigurations = (
				1EBFB9B81EA32C32006D8B4C /* Debug */,
				1EBFB9B91EA32C32006D8B4C /* Release */,
			);
			defaultConfigurationIsVisible = 0;
			defaultConfigurationName = Release;
		};
		1EBFB9BA1EA32C32006D8B4C /* Build configuration list for PBXNativeTarget "TwitterDemo" */ = {
			isa = XCConfigurationList;
			buildConfigurations = (
				1EBFB9BB1EA32C32006D8B4C /* Debug */,
				1EBFB9BC1EA32C32006D8B4C /* Release */,
			);
			defaultConfigurationIsVisible = 0;
		};
		1EBFB9BD1EA32C32006D8B4C /* Build configuration list for PBXNativeTarget "TwitterDemoTests" */ = {
			isa = XCConfigurationList;
			buildConfigurations = (
				1EBFB9BE1EA32C32006D8B4C /* Debug */,
				1EBFB9BF1EA32C32006D8B4C /* Release */,
			);
			defaultConfigurationIsVisible = 0;
		};
		1EBFB9C01EA32C32006D8B4C /* Build configuration list for PBXNativeTarget "TwitterDemoUITests" */ = {
			isa = XCConfigurationList;
			buildConfigurations = (
				1EBFB9C11EA32C32006D8B4C /* Debug */,
				1EBFB9C21EA32C32006D8B4C /* Release */,
			);
			defaultConfigurationIsVisible = 0;
		};
/* End XCConfigurationList section */
	};
	rootObject = 1EBFB98A1EA32C31006D8B4C /* Project object */;
}
